
Microsoft Visual Studio Solution File, Format Version 12.00
# Visual Studio Version 17
VisualStudioVersion = 17.5.33414.496
MinimumVisualStudioVersion = 10.0.40219.1
Project("{FAE04EC0-301F-11D3-BF4B-00C04F79EFBC}") = "Web Api", "Web Api\Web Api.csproj", "{FEA312F2-4D8F-4B0C-A48B-9C0215207AFD}"
EndProject
Project("{FAE04EC0-301F-11D3-BF4B-00C04F79EFBC}") = "SchoolProject.Data", "SchoolProject.Data\SchoolProject.Data.csproj", "{AB98204C-93E3-4AD6-8ED8-EAC0D52BE682}"
EndProject
Project("{FAE04EC0-301F-11D3-BF4B-00C04F79EFBC}") = "SchoolProject.Infrustructer", "SchoolProject.Infrustructer\SchoolProject.Infrustructer.csproj", "{7C6BA5F6-D0D2-47BE-89BD-AAA482E7685E}"
EndProject
Project("{FAE04EC0-301F-11D3-BF4B-00C04F79EFBC}") = "SchoolProject.Service", "SchoolProject.Service\SchoolProject.Service.csproj", "{D0C7F13F-E47A-407F-8E64-AF02148EFFE5}"
EndProject
Project("{FAE04EC0-301F-11D3-BF4B-00C04F79EFBC}") = "SchoolProject.Core", "SchoolProject.Core\SchoolProject.Core.csproj", "{4C7CF4F4-BF7F-483E-983E-BDCD3EA44672}"
EndProject
Global
	GlobalSection(SolutionConfigurationPlatforms) = preSolution
		Debug|Any CPU = Debug|Any CPU
		Release|Any CPU = Release|Any CPU
	EndGlobalSection
	GlobalSection(ProjectConfigurationPlatforms) = postSolution
		{FEA312F2-4D8F-4B0C-A48B-9C0215207AFD}.Debug|Any CPU.ActiveCfg = Debug|Any CPU
		{FEA312F2-4D8F-4B0C-A48B-9C0215207AFD}.Debug|Any CPU.Build.0 = Debug|Any CPU
		{FEA312F2-4D8F-4B0C-A48B-9C0215207AFD}.Release|Any CPU.ActiveCfg = Release|Any CPU
		{FEA312F2-4D8F-4B0C-A48B-9C0215207AFD}.Release|Any CPU.Build.0 = Release|Any CPU
		{AB98204C-93E3-4AD6-8ED8-EAC0D52BE682}.Debug|Any CPU.ActiveCfg = Debug|Any CPU
		{AB98204C-93E3-4AD6-8ED8-EAC0D52BE682}.Debug|Any CPU.Build.0 = Debug|Any CPU
		{AB98204C-93E3-4AD6-8ED8-EAC0D52BE682}.Release|Any CPU.ActiveCfg = Release|Any CPU
		{AB98204C-93E3-4AD6-8ED8-EAC0D52BE682}.Release|Any CPU.Build.0 = Release|Any CPU
		{7C6BA5F6-D0D2-47BE-89BD-AAA482E7685E}.Debug|Any CPU.ActiveCfg = Debug|Any CPU
		{7C6BA5F6-D0D2-47BE-89BD-AAA482E7685E}.Debug|Any CPU.Build.0 = Debug|Any CPU
		{7C6BA5F6-D0D2-47BE-89BD-AAA482E7685E}.Release|Any CPU.ActiveCfg = Release|Any CPU
		{7C6BA5F6-D0D2-47BE-89BD-AAA482E7685E}.Release|Any CPU.Build.0 = Release|Any CPU
		{D0C7F13F-E47A-407F-8E64-AF02148EFFE5}.Debug|Any CPU.ActiveCfg = Debug|Any CPU
		{D0C7F13F-E47A-407F-8E64-AF02148EFFE5}.Debug|Any CPU.Build.0 = Debug|Any CPU
		{D0C7F13F-E47A-407F-8E64-AF02148EFFE5}.Release|Any CPU.ActiveCfg = Release|Any CPU
		{D0C7F13F-E47A-407F-8E64-AF02148EFFE5}.Release|Any CPU.Build.0 = Release|Any CPU
		{4C7CF4F4-BF7F-483E-983E-BDCD3EA44672}.Debug|Any CPU.ActiveCfg = Debug|Any CPU
		{4C7CF4F4-BF7F-483E-983E-BDCD3EA44672}.Debug|Any CPU.Build.0 = Debug|Any CPU
		{4C7CF4F4-BF7F-483E-983E-BDCD3EA44672}.Release|Any CPU.ActiveCfg = Release|Any CPU
		{4C7CF4F4-BF7F-483E-983E-BDCD3EA44672}.Release|Any CPU.Build.0 = Release|Any CPU
	EndGlobalSection
	GlobalSection(SolutionProperties) = preSolution
		HideSolutionNode = FALSE
	EndGlobalSection
	GlobalSection(ExtensibilityGlobals) = postSolution
		SolutionGuid = {72C0FAAA-4B1A-4B4A-B717-192EF4B280A7}
	EndGlobalSection
EndGlobal
